Microsoft Visual Studio Solution File, Format Version 12.00
# Visual Studio Version 17
VisualStudioVersion = 17.5.2.0
MinimumVisualStudioVersion = 10.0.40219.1
Project("{FAE04EC0-301F-11D3-BF4B-00C04F79EFBC}") = "TogglAnalysis", "TogglAnalysis.csproj", "{DECC22FB-243E-CA63-F039-125A4D8A0E7F}"
EndProject
Global
	GlobalSection(SolutionConfigurationPlatforms) = preSolution
		Debug|Any CPU = Debug|Any CPU
		Release|Any CPU = Release|Any CPU
	EndGlobalSection
	GlobalSection(ProjectConfigurationPlatforms) = postSolution
		{DECC22FB-243E-CA63-F039-125A4D8A0E7F}.Debug|Any CPU.ActiveCfg = Debug|Any CPU
		{DECC22FB-243E-CA63-F039-125A4D8A0E7F}.Debug|Any CPU.Build.0 = Debug|Any CPU
		{DECC22FB-243E-CA63-F039-125A4D8A0E7F}.Release|Any CPU.ActiveCfg = Release|Any CPU
		{DECC22FB-243E-CA63-F039-125A4D8A0E7F}.Release|Any CPU.Build.0 = Release|Any CPU
	EndGlobalSection
	GlobalSection(SolutionProperties) = preSolution
		HideSolutionNode = FALSE
	EndGlobalSection
	GlobalSection(ExtensibilityGlobals) = postSolution
		SolutionGuid = {FC6C8AB9-B863-4C20-A537-C7DC2335F3CD}
	EndGlobalSection
EndGlobal
